
Microsoft Visual Studio Solution File, Format Version 12.00
# Visual Studio Version 16
VisualStudioVersion = 16.0.30804.86
MinimumVisualStudioVersion = 10.0.40219.1
Project("{9A19103F-16F7-4668-BE54-9A1E7A4F7556}") = "ConsoleUI", "Delegates\ConsoleUI.csproj", "{B0E00C79-BD8B-490F-9698-A981FB06A3BC}"
EndProject
Project("{FAE04EC0-301F-11D3-BF4B-00C04F79EFBC}") = "DemoLibrary", "DemoLibrary\DemoLibrary.csproj", "{BA7E26C9-A00C-48DB-817C-A8EC8A2C740C}"
EndProject
Global
	GlobalSection(SolutionConfigurationPlatforms) = preSolution
		Debug|Any CPU = Debug|Any CPU
		Release|Any CPU = Release|Any CPU
	EndGlobalSection
	GlobalSection(ProjectConfigurationPlatforms) = postSolution
		{B0E00C79-BD8B-490F-9698-A981FB06A3BC}.Debug|Any CPU.ActiveCfg = Debug|Any CPU
		{B0E00C79-BD8B-490F-9698-A981FB06A3BC}.Debug|Any CPU.Build.0 = Debug|Any CPU
		{B0E00C79-BD8B-490F-9698-A981FB06A3BC}.Release|Any CPU.ActiveCfg = Release|Any CPU
		{B0E00C79-BD8B-490F-9698-A981FB06A3BC}.Release|Any CPU.Build.0 = Release|Any CPU
		{BA7E26C9-A00C-48DB-817C-A8EC8A2C740C}.Debug|Any CPU.ActiveCfg = Debug|Any CPU
		{BA7E26C9-A00C-48DB-817C-A8EC8A2C740C}.Debug|Any CPU.Build.0 = Debug|Any CPU
		{BA7E26C9-A00C-48DB-817C-A8EC8A2C740C}.Release|Any CPU.ActiveCfg = Release|Any CPU
		{BA7E26C9-A00C-48DB-817C-A8EC8A2C740C}.Release|Any CPU.Build.0 = Release|Any CPU
	EndGlobalSection
	GlobalSection(SolutionProperties) = preSolution
		HideSolutionNode = FALSE
	EndGlobalSection
	GlobalSection(ExtensibilityGlobals) = postSolution
		SolutionGuid = {9844AD5C-AA54-40E9-BFA1-A5152156D2C6}
	EndGlobalSection
EndGlobal
