
Microsoft Visual Studio Solution File, Format Version 12.00
# Visual Studio Version 16
VisualStudioVersion = 16.0.30907.101
MinimumVisualStudioVersion = 10.0.40219.1
Project("{FAE04EC0-301F-11D3-BF4B-00C04F79EFBC}") = "WPFCore", "WPFCore\WPFCore.csproj", "{28D61C71-9C82-434D-AEFC-DA532A1A5506}"
EndProject
Project("{FAE04EC0-301F-11D3-BF4B-00C04F79EFBC}") = "WPFFramework", "WPFFramework\WPFFramework.csproj", "{F6AD64B8-1277-472F-95BF-0935CBBE43E7}"
EndProject
Global
	GlobalSection(SolutionConfigurationPlatforms) = preSolution
		Debug|Any CPU = Debug|Any CPU
		Release|Any CPU = Release|Any CPU
	EndGlobalSection
	GlobalSection(ProjectConfigurationPlatforms) = postSolution
		{28D61C71-9C82-434D-AEFC-DA532A1A5506}.Debug|Any CPU.ActiveCfg = Debug|Any CPU
		{28D61C71-9C82-434D-AEFC-DA532A1A5506}.Debug|Any CPU.Build.0 = Debug|Any CPU
		{28D61C71-9C82-434D-AEFC-DA532A1A5506}.Release|Any CPU.ActiveCfg = Release|Any CPU
		{28D61C71-9C82-434D-AEFC-DA532A1A5506}.Release|Any CPU.Build.0 = Release|Any CPU
		{F6AD64B8-1277-472F-95BF-0935CBBE43E7}.Debug|Any CPU.ActiveCfg = Debug|Any CPU
		{F6AD64B8-1277-472F-95BF-0935CBBE43E7}.Debug|Any CPU.Build.0 = Debug|Any CPU
		{F6AD64B8-1277-472F-95BF-0935CBBE43E7}.Release|Any CPU.ActiveCfg = Release|Any CPU
		{F6AD64B8-1277-472F-95BF-0935CBBE43E7}.Release|Any CPU.Build.0 = Release|Any CPU
	EndGlobalSection
	GlobalSection(SolutionProperties) = preSolution
		HideSolutionNode = FALSE
	EndGlobalSection
	GlobalSection(ExtensibilityGlobals) = postSolution
		SolutionGuid = {AFB6E6F4-96D4-4F5C-ABAE-771E0A7FAA5A}
	EndGlobalSection
EndGlobal
